
Microsoft Visual Studio Solution File, Format Version 12.00
# Visual Studio Version 16
VisualStudioVersion = 16.0.29409.12
MinimumVisualStudioVersion = 10.0.40219.1
Project("{FAE04EC0-301F-11D3-BF4B-00C04F79EFBC}") = "FindReplaceCFG", "FindReplaceCFG\FindReplaceCFG.csproj", "{0F3E7359-9B1F-4998-B076-E195DCF293CC}"
EndProject
Global
	GlobalSection(SolutionConfigurationPlatforms) = preSolution
		Debug|Any CPU = Debug|Any CPU
		Release|Any CPU = Release|Any CPU
	EndGlobalSection
	GlobalSection(ProjectConfigurationPlatforms) = postSolution
		{0F3E7359-9B1F-4998-B076-E195DCF293CC}.Debug|Any CPU.ActiveCfg = Debug|Any CPU
		{0F3E7359-9B1F-4998-B076-E195DCF293CC}.Debug|Any CPU.Build.0 = Debug|Any CPU
		{0F3E7359-9B1F-4998-B076-E195DCF293CC}.Release|Any CPU.ActiveCfg = Release|Any CPU
		{0F3E7359-9B1F-4998-B076-E195DCF293CC}.Release|Any CPU.Build.0 = Release|Any CPU
	EndGlobalSection
	GlobalSection(SolutionProperties) = preSolution
		HideSolutionNode = FALSE
	EndGlobalSection
	GlobalSection(ExtensibilityGlobals) = postSolution
		SolutionGuid = {37065F3C-9679-4B4E-9335-A741ED6ADC40}
	EndGlobalSection
EndGlobal
